// !$*UTF8*$!
{
	archiveVersion = 1;
	classes = {
	};
	objectVersion = 56;
	objects = {

/* Begin PBXBuildFile section */
		2E027DC42979ED290073BE11 /* Keys.swift in Sources */ = {isa = PBXBuildFile; fileRef = 2E027DC32979ED290073BE11 /* Keys.swift */; };
		2E3ED9E72971B2A800150CF3 /* AppDelegate.swift in Sources */ = {isa = PBXBuildFile; fileRef = 2E3ED9E62971B2A800150CF3 /* AppDelegate.swift */; };
		2E3ED9E92971B2A800150CF3 /* SceneDelegate.swift in Sources */ = {isa = PBXBuildFile; fileRef = 2E3ED9E82971B2A800150CF3 /* SceneDelegate.swift */; };
		2E3ED9EB2971B2A800150CF3 /* ViewController.swift in Sources */ = {isa = PBXBuildFile; fileRef = 2E3ED9EA2971B2A800150CF3 /* ViewController.swift */; };
		2E3ED9EE2971B2A800150CF3 /* Main.storyboard in Resources */ = {isa = PBXBuildFile; fileRef = 2E3ED9EC2971B2A800150CF3 /* Main.storyboard */; };
		2E3ED9F02971B2AA00150CF3 /* Assets.xcassets in Resources */ = {isa = PBXBuildFile; fileRef = 2E3ED9EF2971B2AA00150CF3 /* Assets.xcassets */; };
		2E3ED9F32971B2AA00150CF3 /* LaunchScreen.storyboard in Resources */ = {isa = PBXBuildFile; fileRef = 2E3ED9F12971B2AA00150CF3 /* LaunchScreen.storyboard */; };
		2E4CDD77297B0E91006A06CC /* RulesViewControllers.swift in Sources */ = {isa = PBXBuildFile; fileRef = 2E4CDD76297B0E91006A06CC /* RulesViewControllers.swift */; };
		2E7A6EFB2990802C0007D551 /* WidgetKit.framework in Frameworks */ = {isa = PBXBuildFile; fileRef = 2E7A6EDB299078A30007D551 /* WidgetKit.framework */; };
		2E7A6EFC2990802C0007D551 /* SwiftUI.framework in Frameworks */ = {isa = PBXBuildFile; fileRef = 2E7A6EDD299078A30007D551 /* SwiftUI.framework */; };
		2E7A6EFF2990802C0007D551 /* CowWidgetBundle.swift in Sources */ = {isa = PBXBuildFile; fileRef = 2E7A6EFE2990802C0007D551 /* CowWidgetBundle.swift */; };
		2E7A6F012990802C0007D551 /* CowWidget.swift in Sources */ = {isa = PBXBuildFile; fileRef = 2E7A6F002990802C0007D551 /* CowWidget.swift */; };
		2E7A6F032990802E0007D551 /* Assets.xcassets in Resources */ = {isa = PBXBuildFile; fileRef = 2E7A6F022990802E0007D551 /* Assets.xcassets */; };
		2E7A6F072990802E0007D551 /* CowWidgetExtension.appex in Embed Foundation Extensions */ = {isa = PBXBuildFile; fileRef = 2E7A6EFA2990802C0007D551 /* CowWidgetExtension.appex */; settings = {ATTRIBUTES = (RemoveHeadersOnCopy, ); }; };
		2E7A6F0C299081C30007D551 /* Keys.swift in Sources */ = {isa = PBXBuildFile; fileRef = 2E027DC32979ED290073BE11 /* Keys.swift */; };
		2EB2E40529738E2200E1E0A7 /* IQKeyboardManagerSwift in Frameworks */ = {isa = PBXBuildFile; productRef = 2EB2E40429738E2200E1E0A7 /* IQKeyboardManagerSwift */; };
/* End PBXBuildFile section */

/* Begin PBXContainerItemProxy section */
		2E7A6F052990802E0007D551 /* PBXContainerItemProxy */ = {
			isa = PBXContainerItemProxy;
			containerPortal = 2E3ED9DB2971B2A800150CF3 /* Project object */;
			proxyType = 1;
			remoteGlobalIDString = 2E7A6EF92990802C0007D551;
			remoteInfo = CowWidgetExtension;
		};
/* End PBXContainerItemProxy section */

/* Begin PBXCopyFilesBuildPhase section */
		2E7A6EEA299078A40007D551 /* Embed Foundation Extensions */ = {
			isa = PBXCopyFilesBuildPhase;
			buildActionMask = 2147483647;
			dstPath = "";
			dstSubfolderSpec = 13;
			files = (
				2E7A6F072990802E0007D551 /* CowWidgetExtension.appex in Embed Foundation Extensions */,
			);
			name = "Embed Foundation Extensions";
			runOnlyForDeploymentPostprocessing = 0;
		};
/* End PBXCopyFilesBuildPhase section */

/* Begin PBXFileReference section */
		2E027DC32979ED290073BE11 /* Keys.swift */ = {isa = PBXFileReference; lastKnownFileType = sourcecode.swift; path = Keys.swift; sourceTree = "<group>"; };
		2E3ED9E32971B2A800150CF3 /* Cow Cemetery.app */ = {isa = PBXFileReference; explicitFileType = wrapper.application; includeInIndex = 0; path = "Cow Cemetery.app"; sourceTree = BUILT_PRODUCTS_DIR; };
		2E3ED9E62971B2A800150CF3 /* AppDelegate.swift */ = {isa = PBXFileReference; lastKnownFileType = sourcecode.swift; path = AppDelegate.swift; sourceTree = "<group>"; };
		2E3ED9E82971B2A800150CF3 /* SceneDelegate.swift */ = {isa = PBXFileReference; lastKnownFileType = sourcecode.swift; path = SceneDelegate.swift; sourceTree = "<group>"; };
		2E3ED9EA2971B2A800150CF3 /* ViewController.swift */ = {isa = PBXFileReference; lastKnownFileType = sourcecode.swift; path = ViewController.swift; sourceTree = "<group>"; };
		2E3ED9ED2971B2A800150CF3 /* Base */ = {isa = PBXFileReference; lastKnownFileType = file.storyboard; name = Base; path = Base.lproj/Main.storyboard; sourceTree = "<group>"; };
		2E3ED9EF2971B2AA00150CF3 /* Assets.xcassets */ = {isa = PBXFileReference; lastKnownFileType = folder.assetcatalog; path = Assets.xcassets; sourceTree = "<group>"; };
		2E3ED9F22971B2AA00150CF3 /* Base */ = {isa = PBXFileReference; lastKnownFileType = file.storyboard; name = Base; path = Base.lproj/LaunchScreen.storyboard; sourceTree = "<group>"; };
		2E3ED9F42971B2AA00150CF3 /* Info.plist */ = {isa = PBXFileReference; lastKnownFileType = text.plist.xml; path = Info.plist; sourceTree = "<group>"; };
		2E4CDD76297B0E91006A06CC /* RulesViewControllers.swift */ = {isa = PBXFileReference; lastKnownFileType = sourcecode.swift; path = RulesViewControllers.swift; sourceTree = "<group>"; };
		2E7A6EDB299078A30007D551 /* WidgetKit.framework */ = {isa = PBXFileReference; lastKnownFileType = wrapper.framework; name = WidgetKit.framework; path = System/Library/Frameworks/WidgetKit.framework; sourceTree = SDKROOT; };
		2E7A6EDD299078A30007D551 /* SwiftUI.framework */ = {isa = PBXFileReference; lastKnownFileType = wrapper.framework; name = SwiftUI.framework; path = System/Library/Frameworks/SwiftUI.framework; sourceTree = SDKROOT; };
		2E7A6EFA2990802C0007D551 /* CowWidgetExtension.appex */ = {isa = PBXFileReference; explicitFileType = "wrapper.app-extension"; includeInIndex = 0; path = CowWidgetExtension.appex; sourceTree = BUILT_PRODUCTS_DIR; };
		2E7A6EFE2990802C0007D551 /* CowWidgetBundle.swift */ = {isa = PBXFileReference; lastKnownFileType = sourcecode.swift; path = CowWidgetBundle.swift; sourceTree = "<group>"; };
		2E7A6F002990802C0007D551 /* CowWidget.swift */ = {isa = PBXFileReference; lastKnownFileType = sourcecode.swift; path = CowWidget.swift; sourceTree = "<group>"; };
		2E7A6F022990802E0007D551 /* Assets.xcassets */ = {isa = PBXFileReference; lastKnownFileType = folder.assetcatalog; path = Assets.xcassets; sourceTree = "<group>"; };
		2E7A6F042990802E0007D551 /* Info.plist */ = {isa = PBXFileReference; lastKnownFileType = text.plist.xml; path = Info.plist; sourceTree = "<group>"; };
		2E7A6F0E299084770007D551 /* Cow Cemetery.entitlements */ = {isa = PBXFileReference; lastKnownFileType = text.plist.entitlements; path = "Cow Cemetery.entitlements"; sourceTree = "<group>"; };
		2E7A6F0F299084AA0007D551 /* CowWidgetExtension.entitlements */ = {isa = PBXFileReference; lastKnownFileType = text.plist.entitlements; path = CowWidgetExtension.entitlements; sourceTree = "<group>"; };
/* End PBXFileReference section */

/* Begin PBXFrameworksBuildPhase section */
		2E3ED9E02971B2A800150CF3 /* Frameworks */ = {
			isa = PBXFrameworksBuildPhase;
			buildActionMask = 2147483647;
			files = (
				2EB2E40529738E2200E1E0A7 /* IQKeyboardManagerSwift in Frameworks */,
			);
			runOnlyForDeploymentPostprocessing = 0;
		};
		2E7A6EF72990802C0007D551 /* Frameworks */ = {
			isa = PBXFrameworksBuildPhase;
			buildActionMask = 2147483647;
			files = (
				2E7A6EFC2990802C0007D551 /* SwiftUI.framework in Frameworks */,
				2E7A6EFB2990802C0007D551 /* WidgetKit.framework in Frameworks */,
			);
			runOnlyForDeploymentPostprocessing = 0;
		};
/* End PBXFrameworksBuildPhase section */

/* Begin PBXGroup section */
		2E3ED9DA2971B2A800150CF3 = {
			isa = PBXGroup;
			children = (
				2E7A6F0F299084AA0007D551 /* CowWidgetExtension.entitlements */,
				2E3ED9E52971B2A800150CF3 /* Cow Cemetery */,
				2E7A6EFD2990802C0007D551 /* CowWidget */,
				2E7A6EDA299078A30007D551 /* Frameworks */,
				2E3ED9E42971B2A800150CF3 /* Products */,
			);
			sourceTree = "<group>";
		};
		2E3ED9E42971B2A800150CF3 /* Products */ = {
			isa = PBXGroup;
			children = (
				2E3ED9E32971B2A800150CF3 /* Cow Cemetery.app */,
				2E7A6EFA2990802C0007D551 /* CowWidgetExtension.appex */,
			);
			name = Products;
			sourceTree = "<group>";
		};
		2E3ED9E52971B2A800150CF3 /* Cow Cemetery */ = {
			isa = PBXGroup;
			children = (
				2E7A6F0E299084770007D551 /* Cow Cemetery.entitlements */,
				2E4CDD75297B06CF006A06CC /* App */,
				2E4CDD73297B06AB006A06CC /* Model */,
				2E4CDD72297B06A0006A06CC /* Controllers */,
				2E4CDD74297B06C1006A06CC /* Views */,
				2E3ED9EF2971B2AA00150CF3 /* Assets.xcassets */,
				2E3ED9F12971B2AA00150CF3 /* LaunchScreen.storyboard */,
				2E3ED9F42971B2AA00150CF3 /* Info.plist */,
			);
			path = "Cow Cemetery";
			sourceTree = "<group>";
		};
		2E4CDD72297B06A0006A06CC /* Controllers */ = {
			isa = PBXGroup;
			children = (
				2E3ED9EA2971B2A800150CF3 /* ViewController.swift */,
				2E4CDD76297B0E91006A06CC /* RulesViewControllers.swift */,
			);
			name = Controllers;
			sourceTree = "<group>";
		};
		2E4CDD73297B06AB006A06CC /* Model */ = {
			isa = PBXGroup;
			children = (
				2E027DC32979ED290073BE11 /* Keys.swift */,
			);
			path = Model;
			sourceTree = "<group>";
		};
		2E4CDD74297B06C1006A06CC /* Views */ = {
			isa = PBXGroup;
			children = (
				2E3ED9EC2971B2A800150CF3 /* Main.storyboard */,
			);
			name = Views;
			path = Model;
			sourceTree = "<group>";
		};
		2E4CDD75297B06CF006A06CC /* App */ = {
			isa = PBXGroup;
			children = (
				2E3ED9E62971B2A800150CF3 /* AppDelegate.swift */,
				2E3ED9E82971B2A800150CF3 /* SceneDelegate.swift */,
			);
			path = App;
			sourceTree = "<group>";
		};
		2E7A6EDA299078A30007D551 /* Frameworks */ = {
			isa = PBXGroup;
			children = (
				2E7A6EDB299078A30007D551 /* WidgetKit.framework */,
				2E7A6EDD299078A30007D551 /* SwiftUI.framework */,
			);
			name = Frameworks;
			sourceTree = "<group>";
		};
		2E7A6EFD2990802C0007D551 /* CowWidget */ = {
			isa = PBXGroup;
			children = (
				2E7A6EFE2990802C0007D551 /* CowWidgetBundle.swift */,
				2E7A6F002990802C0007D551 /* CowWidget.swift */,
				2E7A6F022990802E0007D551 /* Assets.xcassets */,
				2E7A6F042990802E0007D551 /* Info.plist */,
			);
			path = CowWidget;
			sourceTree = "<group>";
		};
/* End PBXGroup section */

/* Begin PBXNativeTarget section */
		2E3ED9E22971B2A800150CF3 /* Cow Cemetery */ = {
			isa = PBXNativeTarget;
			buildConfigurationList = 2E3ED9F72971B2AA00150CF3 /* Build configuration list for PBXNativeTarget "Cow Cemetery" */;
			buildPhases = (
				2E3ED9DF2971B2A800150CF3 /* Sources */,
				2E3ED9E02971B2A800150CF3 /* Frameworks */,
				2E3ED9E12971B2A800150CF3 /* Resources */,
				2E7A6EEA299078A40007D551 /* Embed Foundation Extensions */,
			);
			buildRules = (
			);
			dependencies = (
				2E7A6F062990802E0007D551 /* PBXTargetDependency */,
			);
			name = "Cow Cemetery";
			packageProductDependencies = (
				2EB2E40429738E2200E1E0A7 /* IQKeyboardManagerSwift */,
			);
			productName = "Cow Cemetery";
			productReference = 2E3ED9E32971B2A800150CF3 /* Cow Cemetery.app */;
			productType = "com.apple.product-type.application";
		};
		2E7A6EF92990802C0007D551 /* CowWidgetExtension */ = {
			isa = PBXNativeTarget;
			buildConfigurationList = 2E7A6F082990802E0007D551 /* Build configuration list for PBXNativeTarget "CowWidgetExtension" */;
			buildPhases = (
				2E7A6EF62990802C0007D551 /* Sources */,
				2E7A6EF72990802C0007D551 /* Frameworks */,
				2E7A6EF82990802C0007D551 /* Resources */,
			);
			buildRules = (
			);
			dependencies = (
			);
			name = CowWidgetExtension;
			productName = CowWidgetExtension;
			productReference = 2E7A6EFA2990802C0007D551 /* CowWidgetExtension.appex */;
			productType = "com.apple.product-type.app-extension";
		};
/* End PBXNativeTarget section */

/* Begin PBXProject section */
		2E3ED9DB2971B2A800150CF3 /* Project object */ = {
			isa = PBXProject;
			attributes = {
				BuildIndependentTargetsInParallel = 1;
				LastSwiftUpdateCheck = 1420;
				LastUpgradeCheck = 1420;
				TargetAttributes = {
					2E3ED9E22971B2A800150CF3 = {
						CreatedOnToolsVersion = 14.2;
					};
					2E7A6EF92990802C0007D551 = {
						CreatedOnToolsVersion = 14.2;
					};
				};
			};
			buildConfigurationList = 2E3ED9DE2971B2A800150CF3 /* Build configuration list for PBXProject "Cow Cemetery" */;
			compatibilityVersion = "Xcode 14.0";
			developmentRegion = en;
			hasScannedForEncodings = 0;
			knownRegions = (
				en,
				Base,
			);
			mainGroup = 2E3ED9DA2971B2A800150CF3;
			packageReferences = (
				2EB2E40329738E2200E1E0A7 /* XCRemoteSwiftPackageReference "IQKeyboardManager" */,
			);
			productRefGroup = 2E3ED9E42971B2A800150CF3 /* Products */;
			projectDirPath = "";
			projectRoot = "";
			targets = (
				2E3ED9E22971B2A800150CF3 /* Cow Cemetery */,
				2E7A6EF92990802C0007D551 /* CowWidgetExtension */,
			);
		};
/* End PBXProject section */

/* Begin PBXResourcesBuildPhase section */
		2E3ED9E12971B2A800150CF3 /* Resources */ = {
			isa = PBXResourcesBuildPhase;
			buildActionMask = 2147483647;
			files = (
				2E3ED9F32971B2AA00150CF3 /* LaunchScreen.storyboard in Resources */,
				2E3ED9F02971B2AA00150CF3 /* Assets.xcassets in Resources */,
				2E3ED9EE2971B2A800150CF3 /* Main.storyboard in Resources */,
			);
			runOnlyForDeploymentPostprocessing = 0;
		};
		2E7A6EF82990802C0007D551 /* Resources */ = {
			isa = PBXResourcesBuildPhase;
			buildActionMask = 2147483647;
			files = (
				2E7A6F032990802E0007D551 /* Assets.xcassets in Resources */,
			);
			runOnlyForDeploymentPostprocessing = 0;
		};
/* End PBXResourcesBuildPhase section */

/* Begin PBXSourcesBuildPhase section */
		2E3ED9DF2971B2A800150CF3 /* Sources */ = {
			isa = PBXSourcesBuildPhase;
			buildActionMask = 2147483647;
			files = (
				2E4CDD77297B0E91006A06CC /* RulesViewControllers.swift in Sources */,
				2E3ED9EB2971B2A800150CF3 /* ViewController.swift in Sources */,
				2E3ED9E72971B2A800150CF3 /* AppDelegate.swift in Sources */,
				2E3ED9E92971B2A800150CF3 /* SceneDelegate.swift in Sources */,
				2E027DC42979ED290073BE11 /* Keys.swift in Sources */,
			);
			runOnlyForDeploymentPostprocessing = 0;
		};
		2E7A6EF62990802C0007D551 /* Sources */ = {
			isa = PBXSourcesBuildPhase;
			buildActionMask = 2147483647;
			files = (
				2E7A6F0C299081C30007D551 /* Keys.swift in Sources */,
				2E7A6EFF2990802C0007D551 /* CowWidgetBundle.swift in Sources */,
				2E7A6F012990802C0007D551 /* CowWidget.swift in Sources */,
			);
			runOnlyForDeploymentPostprocessing = 0;
		};
/* End PBXSourcesBuildPhase section */

/* Begin PBXTargetDependency section */
		2E7A6F062990802E0007D551 /* PBXTargetDependency */ = {
			isa = PBXTargetDependency;
			target = 2E7A6EF92990802C0007D551 /* CowWidgetExtension */;
			targetProxy = 2E7A6F052990802E0007D551 /* PBXContainerItemProxy */;
		};
/* End PBXTargetDependency section */

/* Begin PBXVariantGroup section */
		2E3ED9EC2971B2A800150CF3 /* Main.storyboard */ = {
			isa = PBXVariantGroup;
			children = (
				2E3ED9ED2971B2A800150CF3 /* Base */,
			);
			name = Main.storyboard;
			sourceTree = "<group>";
		};
		2E3ED9F12971B2AA00150CF3 /* LaunchScreen.storyboard */ = {
			isa = PBXVariantGroup;
			children = (
				2E3ED9F22971B2AA00150CF3 /* Base */,
			);
			name = LaunchScreen.storyboard;
			sourceTree = "<group>";
		};
/* End PBXVariantGroup section */

/* Begin XCBuildConfiguration section */
		2E3ED9F52971B2AA00150CF3 /* Debug */ = {
			isa = XCBuildConfiguration;
			buildSettings = {
				ALWAYS_SEARCH_USER_PATHS = NO;
				CLANG_ANALYZER_NONNULL = YES;
				CLANG_ANALYZER_NUMBER_OBJECT_CONVERSION = YES_AGGRESSIVE;
				CLANG_CXX_LANGUAGE_STANDARD = "gnu++20";
				CLANG_ENABLE_MODULES = YES;
				CLANG_ENABLE_OBJC_ARC = YES;
				CLANG_ENABLE_OBJC_WEAK = YES;
				CLANG_WARN_BLOCK_CAPTURE_AUTORELEASING = YES;
				CLANG_WARN_BOOL_CONVERSION = YES;
				CLANG_WARN_COMMA = YES;
				CLANG_WARN_CONSTANT_CONVERSION = YES;
				CLANG_WARN_DEPRECATED_OBJC_IMPLEMENTATIONS = YES;
				CLANG_WARN_DIRECT_OBJC_ISA_USAGE = YES_ERROR;
				CLANG_WARN_DOCUMENTATION_COMMENTS = YES;
				CLANG_WARN_EMPTY_BODY = YES;
				CLANG_WARN_ENUM_CONVERSION = YES;
				CLANG_WARN_INFINITE_RECURSION = YES;
				CLANG_WARN_INT_CONVERSION = YES;
				CLANG_WARN_NON_LITERAL_NULL_CONVERSION = YES;
				CLANG_WARN_OBJC_IMPLICIT_RETAIN_SELF = YES;
				CLANG_WARN_OBJC_LITERAL_CONVERSION = YES;
				CLANG_WARN_OBJC_ROOT_CLASS = YES_ERROR;
				CLANG_WARN_QUOTED_INCLUDE_IN_FRAMEWORK_HEADER = YES;
				CLANG_WARN_RANGE_LOOP_ANALYSIS = YES;
				CLANG_WARN_STRICT_PROTOTYPES = YES;
				CLANG_WARN_SUSPICIOUS_MOVE = YES;
				CLANG_WARN_UNGUARDED_AVAILABILITY = YES_AGGRESSIVE;
				CLANG_WARN_UNREACHABLE_CODE = YES;
				CLANG_WARN__DUPLICATE_METHOD_MATCH = YES;
				CODE_SIGN_ENTITLEMENTS = "Cow Cemetery/Cow Cemetery.entitlements";
				COPY_PHASE_STRIP = NO;
				DEBUG_INFORMATION_FORMAT = dwarf;
				ENABLE_STRICT_OBJC_MSGSEND = YES;
				ENABLE_TESTABILITY = YES;
				GCC_C_LANGUAGE_STANDARD = gnu11;
				GCC_DYNAMIC_NO_PIC = NO;
				GCC_NO_COMMON_BLOCKS = YES;
				GCC_OPTIMIZATION_LEVEL = 0;
				GCC_PREPROCESSOR_DEFINITIONS = (
					"DEBUG=1",
					"$(inherited)",
				);
				GCC_WARN_64_TO_32_BIT_CONVERSION = YES;
				GCC_WARN_ABOUT_RETURN_TYPE = YES_ERROR;
				GCC_WARN_UNDECLARED_SELECTOR = YES;
				GCC_WARN_UNINITIALIZED_AUTOS = YES_AGGRESSIVE;
				GCC_WARN_UNUSED_FUNCTION = YES;
				GCC_WARN_UNUSED_VARIABLE = YES;
				IPHONEOS_DEPLOYMENT_TARGET = 16.2;
				MTL_ENABLE_DEBUG_INFO = INCLUDE_SOURCE;
				MTL_FAST_MATH = YES;
				ONLY_ACTIVE_ARCH = YES;
				SDKROOT = iphoneos;
				SWIFT_ACTIVE_COMPILATION_CONDITIONS = DEBUG;
				SWIFT_OPTIMIZATION_LEVEL = "-Onone";
			};
			name = Debug;
		};
		2E3ED9F62971B2AA00150CF3 /* Release */ = {
			isa = XCBuildConfiguration;
			buildSettings = {
				ALWAYS_SEARCH_USER_PATHS = NO;
				CLANG_ANALYZER_NONNULL = YES;
				CLANG_ANALYZER_NUMBER_OBJECT_CONVERSION = YES_AGGRESSIVE;
				CLANG_CXX_LANGUAGE_STANDARD = "gnu++20";
				CLANG_ENABLE_MODULES = YES;
				CLANG_ENABLE_OBJC_ARC = YES;
				CLANG_ENABLE_OBJC_WEAK = YES;
				CLANG_WARN_BLOCK_CAPTURE_AUTORELEASING = YES;
				CLANG_WARN_BOOL_CONVERSION = YES;
				CLANG_WARN_COMMA = YES;
				CLANG_WARN_CONSTANT_CONVERSION = YES;
				CLANG_WARN_DEPRECATED_OBJC_IMPLEMENTATIONS = YES;
				CLANG_WARN_DIRECT_OBJC_ISA_USAGE = YES_ERROR;
				CLANG_WARN_DOCUMENTATION_COMMENTS = YES;
				CLANG_WARN_EMPTY_BODY = YES;
				CLANG_WARN_ENUM_CONVERSION = YES;
				CLANG_WARN_INFINITE_RECURSION = YES;
				CLANG_WARN_INT_CONVERSION = YES;
				CLANG_WARN_NON_LITERAL_NULL_CONVERSION = YES;
				CLANG_WARN_OBJC_IMPLICIT_RETAIN_SELF = YES;
				CLANG_WARN_OBJC_LITERAL_CONVERSION = YES;
				CLANG_WARN_OBJC_ROOT_CLASS = YES_ERROR;
				CLANG_WARN_QUOTED_INCLUDE_IN_FRAMEWORK_HEADER = YES;
				CLANG_WARN_RANGE_LOOP_ANALYSIS = YES;
				CLANG_WARN_STRICT_PROTOTYPES = YES;
				CLANG_WARN_SUSPICIOUS_MOVE = YES;
				CLANG_WARN_UNGUARDED_AVAILABILITY = YES_AGGRESSIVE;
				CLANG_WARN_UNREACHABLE_CODE = YES;
				CLANG_WARN__DUPLICATE_METHOD_MATCH = YES;
				CODE_SIGN_ENTITLEMENTS = "Cow Cemetery/Cow Cemetery.entitlements";
				COPY_PHASE_STRIP = NO;
				DEBUG_INFORMATION_FORMAT = "dwarf-with-dsym";
				ENABLE_NS_ASSERTIONS = NO;
				ENABLE_STRICT_OBJC_MSGSEND = YES;
				GCC_C_LANGUAGE_STANDARD = gnu11;
				GCC_NO_COMMON_BLOCKS = YES;
				GCC_WARN_64_TO_32_BIT_CONVERSION = YES;
				GCC_WARN_ABOUT_RETURN_TYPE = YES_ERROR;
				GCC_WARN_UNDECLARED_SELECTOR = YES;
				GCC_WARN_UNINITIALIZED_AUTOS = YES_AGGRESSIVE;
				GCC_WARN_UNUSED_FUNCTION = YES;
				GCC_WARN_UNUSED_VARIABLE = YES;
				IPHONEOS_DEPLOYMENT_TARGET = 16.2;
				MTL_ENABLE_DEBUG_INFO = NO;
				MTL_FAST_MATH = YES;
				SDKROOT = iphoneos;
				SWIFT_COMPILATION_MODE = wholemodule;
				SWIFT_OPTIMIZATION_LEVEL = "-O";
				VALIDATE_PRODUCT = YES;
			};
			name = Release;
		};
		2E3ED9F82971B2AA00150CF3 /* Debug */ = {
			isa = XCBuildConfiguration;
			buildSettings = {
				ALWAYS_EMBED_SWIFT_STANDARD_LIBRARIES = YES;
				ASSETCATALOG_COMPILER_APPICON_NAME = AppIcon;
				ASSETCATALOG_COMPILER_GLOBAL_ACCENT_COLOR_NAME = AccentColor;
				ASSETCATALOG_COMPILER_INCLUDE_ALL_APPICON_ASSETS = NO;
				CODE_SIGN_ENTITLEMENTS = "Cow Cemetery/Cow Cemetery.entitlements";
				CODE_SIGN_STYLE = Automatic;
				CURRENT_PROJECT_VERSION = 15;
				DEVELOPMENT_TEAM = 4224Q87F2F;
				GENERATE_INFOPLIST_FILE = YES;
				INFOPLIST_FILE = "Cow Cemetery/Info.plist";
				INFOPLIST_KEY_CFBundleDisplayName = "Cow Cemetery";
				INFOPLIST_KEY_LSApplicationCategoryType = "public.app-category.family-games";
				INFOPLIST_KEY_UIApplicationSupportsIndirectInputEvents = YES;
				INFOPLIST_KEY_UILaunchStoryboardName = LaunchScreen;
				INFOPLIST_KEY_UIMainStoryboardFile = Main;
				INFOPLIST_KEY_UISupportedInterfaceOrientations = UIInterfaceOrientationPortrait;
				INFOPLIST_KEY_UISupportedInterfaceOrientations_iPad = "UIInterfaceOrientationLandscapeLeft UIInterfaceOrientationLandscapeRight UIInterfaceOrientationPortrait UIInterfaceOrientationPortraitUpsideDown";
				IPHONEOS_DEPLOYMENT_TARGET = 15.0;
				LD_RUNPATH_SEARCH_PATHS = (
					"$(inherited)",
					"@executable_path/Frameworks",
				);
				MARKETING_VERSION = 1.1.1;
				PRODUCT_BUNDLE_IDENTIFIER = "com.bengauger.Cow-Cemetery";
				PRODUCT_NAME = "$(TARGET_NAME)";
				SUPPORTED_PLATFORMS = "iphoneos iphonesimulator";
				SUPPORTS_MACCATALYST = NO;
				SUPPORTS_MAC_DESIGNED_FOR_IPHONE_IPAD = NO;
				SWIFT_EMIT_LOC_STRINGS = YES;
				SWIFT_VERSION = 5.0;
				TARGETED_DEVICE_FAMILY = 1;
			};
			name = Debug;
		};
		2E3ED9F92971B2AA00150CF3 /* Release */ = {
			isa = XCBuildConfiguration;
			buildSettings = {
				ALWAYS_EMBED_SWIFT_STANDARD_LIBRARIES = YES;
				ASSETCATALOG_COMPILER_APPICON_NAME = AppIcon;
				ASSETCATALOG_COMPILER_GLOBAL_ACCENT_COLOR_NAME = AccentColor;
				ASSETCATALOG_COMPILER_INCLUDE_ALL_APPICON_ASSETS = NO;
				CODE_SIGN_ENTITLEMENTS = "Cow Cemetery/Cow Cemetery.entitlements";
				CODE_SIGN_STYLE = Automatic;
				CURRENT_PROJECT_VERSION = 15;
				DEVELOPMENT_TEAM = 4224Q87F2F;
				GENERATE_INFOPLIST_FILE = YES;
				INFOPLIST_FILE = "Cow Cemetery/Info.plist";
				INFOPLIST_KEY_CFBundleDisplayName = "Cow Cemetery";
				INFOPLIST_KEY_LSApplicationCategoryType = "public.app-category.family-games";
				INFOPLIST_KEY_UIApplicationSupportsIndirectInputEvents = YES;
				INFOPLIST_KEY_UILaunchStoryboardName = LaunchScreen;
				INFOPLIST_KEY_UIMainStoryboardFile = Main;
				INFOPLIST_KEY_UISupportedInterfaceOrientations = UIInterfaceOrientationPortrait;
				INFOPLIST_KEY_UISupportedInterfaceOrientations_iPad = "UIInterfaceOrientationLandscapeLeft UIInterfaceOrientationLandscapeRight UIInterfaceOrientationPortrait UIInterfaceOrientationPortraitUpsideDown";
				IPHONEOS_DEPLOYMENT_TARGET = 15.0;
				LD_RUNPATH_SEARCH_PATHS = (
					"$(inherited)",
					"@executable_path/Frameworks",
				);
				MARKETING_VERSION = 1.1.1;
				PRODUCT_BUNDLE_IDENTIFIER = "com.bengauger.Cow-Cemetery";
				PRODUCT_NAME = "$(TARGET_NAME)";
				SUPPORTED_PLATFORMS = "iphoneos iphonesimulator";
				SUPPORTS_MACCATALYST = NO;
				SUPPORTS_MAC_DESIGNED_FOR_IPHONE_IPAD = NO;
				SWIFT_EMIT_LOC_STRINGS = YES;
				SWIFT_VERSION = 5.0;
				TARGETED_DEVICE_FAMILY = 1;
			};
			name = Release;
		};
		2E7A6F092990802E0007D551 /* Debug */ = {
			isa = XCBuildConfiguration;
			buildSettings = {
				ASSETCATALOG_COMPILER_GLOBAL_ACCENT_COLOR_NAME = AccentColor;
				ASSETCATALOG_COMPILER_WIDGET_BACKGROUND_COLOR_NAME = WidgetBackground;
				CODE_SIGN_ENTITLEMENTS = CowWidgetExtension.entitlements;
				CODE_SIGN_STYLE = Automatic;
				CURRENT_PROJECT_VERSION = 15;
				DEVELOPMENT_TEAM = 4224Q87F2F;
				GENERATE_INFOPLIST_FILE = YES;
				INFOPLIST_FILE = CowWidget/Info.plist;
				INFOPLIST_KEY_CFBundleDisplayName = CowWidget;
				INFOPLIST_KEY_NSHumanReadableCopyright = "";
				LD_RUNPATH_SEARCH_PATHS = (
					"$(inherited)",
					"@executable_path/Frameworks",
					"@executable_path/../../Frameworks",
				);
				MARKETING_VERSION = 1.1.1;
				PRODUCT_BUNDLE_IDENTIFIER = "com.bengauger.Cow-Cemetery.CowWidget";
				PRODUCT_NAME = "$(TARGET_NAME)";
				SKIP_INSTALL = YES;
				SWIFT_EMIT_LOC_STRINGS = YES;
				SWIFT_VERSION = 5.0;
				TARGETED_DEVICE_FAMILY = "1,2";
			};
			name = Debug;
		};
		2E7A6F0A2990802E0007D551 /* Release */ = {
			isa = XCBuildConfiguration;
			buildSettings = {
				ASSETCATALOG_COMPILER_GLOBAL_ACCENT_COLOR_NAME = AccentColor;
				ASSETCATALOG_COMPILER_WIDGET_BACKGROUND_COLOR_NAME = WidgetBackground;
				CODE_SIGN_ENTITLEMENTS = CowWidgetExtension.entitlements;
				CODE_SIGN_STYLE = Automatic;
				CURRENT_PROJECT_VERSION = 15;
				DEVELOPMENT_TEAM = 4224Q87F2F;
				GENERATE_INFOPLIST_FILE = YES;
				INFOPLIST_FILE = CowWidget/Info.plist;
				INFOPLIST_KEY_CFBundleDisplayName = CowWidget;
				INFOPLIST_KEY_NSHumanReadableCopyright = "";
				LD_RUNPATH_SEARCH_PATHS = (
					"$(inherited)",
					"@executable_path/Frameworks",
					"@executable_path/../../Frameworks",
				);
				MARKETING_VERSION = 1.1.1;
				PRODUCT_BUNDLE_IDENTIFIER = "com.bengauger.Cow-Cemetery.CowWidget";
				PRODUCT_NAME = "$(TARGET_NAME)";
				SKIP_INSTALL = YES;
				SWIFT_EMIT_LOC_STRINGS = YES;
				SWIFT_VERSION = 5.0;
				TARGETED_DEVICE_FAMILY = "1,2";
			};
			name = Release;
		};
/* End XCBuildConfiguration section */

/* Begin XCConfigurationList section */
		2E3ED9DE2971B2A800150CF3 /* Build configuration list for PBXProject "Cow Cemetery" */ = {
			isa = XCConfigurationList;
			buildConfigurations = (
				2E3ED9F52971B2AA00150CF3 /* Debug */,
				2E3ED9F62971B2AA00150CF3 /* Release */,
			);
			defaultConfigurationIsVisible = 0;
			defaultConfigurationName = Release;
		};
		2E3ED9F72971B2AA00150CF3 /* Build configuration list for PBXNativeTarget "Cow Cemetery" */ = {
			isa = XCConfigurationList;
			buildConfigurations = (
				2E3ED9F82971B2AA00150CF3 /* Debug */,
				2E3ED9F92971B2AA00150CF3 /* Release */,
			);
			defaultConfigurationIsVisible = 0;
			defaultConfigurationName = Release;
		};
		2E7A6F082990802E0007D551 /* Build configuration list for PBXNativeTarget "CowWidgetExtension" */ = {
			isa = XCConfigurationList;
			buildConfigurations = (
				2E7A6F092990802E0007D551 /* Debug */,
				2E7A6F0A2990802E0007D551 /* Release */,
			);
			defaultConfigurationIsVisible = 0;
			defaultConfigurationName = Release;
		};
/* End XCConfigurationList section */

/* Begin XCRemoteSwiftPackageReference section */
		2EB2E40329738E2200E1E0A7 /* XCRemoteSwiftPackageReference "IQKeyboardManager" */ = {
			isa = XCRemoteSwiftPackageReference;
			repositoryURL = "https://github.com/hackiftekhar/IQKeyboardManager.git";
			requirement = {
				branch = master;
				kind = branch;
			};
		};
/* End XCRemoteSwiftPackageReference section */

/* Begin XCSwiftPackageProductDependency section */
		2EB2E40429738E2200E1E0A7 /* IQKeyboardManagerSwift */ = {
			isa = XCSwiftPackageProductDependency;
			package = 2EB2E40329738E2200E1E0A7 /* XCRemoteSwiftPackageReference "IQKeyboardManager" */;
			productName = IQKeyboardManagerSwift;
		};
/* End XCSwiftPackageProductDependency section */
	};
	rootObject = 2E3ED9DB2971B2A800150CF3 /* Project object */;
}
